
Microsoft Visual Studio Solution File, Format Version 12.00
# Visual Studio Version 17
VisualStudioVersion = 17.11.35312.102
MinimumVisualStudioVersion = 10.0.40219.1
Project("{FAE04EC0-301F-11D3-BF4B-00C04F79EFBC}") = "Composite", "Composite\Composite.csproj", "{1C9C4E43-996B-4BF3-8F2C-C84EC852DD55}"
EndProject
Global
	GlobalSection(SolutionConfigurationPlatforms) = preSolution
		Debug|Any CPU = Debug|Any CPU
		Release|Any CPU = Release|Any CPU
	EndGlobalSection
	GlobalSection(ProjectConfigurationPlatforms) = postSolution
		{1C9C4E43-996B-4BF3-8F2C-C84EC852DD55}.Debug|Any CPU.ActiveCfg = Debug|Any CPU
		{1C9C4E43-996B-4BF3-8F2C-C84EC852DD55}.Debug|Any CPU.Build.0 = Debug|Any CPU
		{1C9C4E43-996B-4BF3-8F2C-C84EC852DD55}.Release|Any CPU.ActiveCfg = Release|Any CPU
		{1C9C4E43-996B-4BF3-8F2C-C84EC852DD55}.Release|Any CPU.Build.0 = Release|Any CPU
	EndGlobalSection
	GlobalSection(SolutionProperties) = preSolution
		HideSolutionNode = FALSE
	EndGlobalSection
	GlobalSection(ExtensibilityGlobals) = postSolution
		SolutionGuid = {3783D89B-FCFF-48F5-AE49-6F1155143154}
	EndGlobalSection
EndGlobal
